
Microsoft Visual Studio Solution File, Format Version 12.00
# Visual Studio Version 17
VisualStudioVersion = 17.3.32901.215
MinimumVisualStudioVersion = 10.0.40219.1
Project("{FAE04EC0-301F-11D3-BF4B-00C04F79EFBC}") = "LookInnaBook", "LookInnaBook.csproj", "{B5D90B72-A100-4ED8-B14A-9CB1E02D358B}"
EndProject
Global
	GlobalSection(SolutionConfigurationPlatforms) = preSolution
		Debug|Any CPU = Debug|Any CPU
		Release|Any CPU = Release|Any CPU
	EndGlobalSection
	GlobalSection(ProjectConfigurationPlatforms) = postSolution
		{B5D90B72-A100-4ED8-B14A-9CB1E02D358B}.Debug|Any CPU.ActiveCfg = Debug|Any CPU
		{B5D90B72-A100-4ED8-B14A-9CB1E02D358B}.Debug|Any CPU.Build.0 = Debug|Any CPU
		{B5D90B72-A100-4ED8-B14A-9CB1E02D358B}.Release|Any CPU.ActiveCfg = Release|Any CPU
		{B5D90B72-A100-4ED8-B14A-9CB1E02D358B}.Release|Any CPU.Build.0 = Release|Any CPU
	EndGlobalSection
	GlobalSection(SolutionProperties) = preSolution
		HideSolutionNode = FALSE
	EndGlobalSection
	GlobalSection(ExtensibilityGlobals) = postSolution
		SolutionGuid = {2A1304AE-898E-41AC-8F8C-96AD4B0C7001}
	EndGlobalSection
EndGlobal
